
Microsoft Visual Studio Solution File, Format Version 12.00
# Visual Studio Version 17
VisualStudioVersion = 17.0.31903.59
MinimumVisualStudioVersion = 10.0.40219.1
Project("{2150E333-8FDC-42A3-9474-1A3956D46DE8}") = "test", "test", "{E95747C7-6EEC-4618-82E4-A4E641687E73}"
EndProject
Project("{2150E333-8FDC-42A3-9474-1A3956D46DE8}") = "src", "src", "{BF13791F-912B-4D7A-A035-EEC3E70EF5FD}"
EndProject
Project("{FAE04EC0-301F-11D3-BF4B-00C04F79EFBC}") = "Sample1.Tests", "test\Sample1.Tests\Sample1.Tests.csproj", "{B345EB89-E337-482E-8792-BC372C3A8D36}"
EndProject
Global
	GlobalSection(SolutionConfigurationPlatforms) = preSolution
		Debug|Any CPU = Debug|Any CPU
		Release|Any CPU = Release|Any CPU
	EndGlobalSection
	GlobalSection(ProjectConfigurationPlatforms) = postSolution
		{B345EB89-E337-482E-8792-BC372C3A8D36}.Debug|Any CPU.ActiveCfg = Debug|Any CPU
		{B345EB89-E337-482E-8792-BC372C3A8D36}.Debug|Any CPU.Build.0 = Debug|Any CPU
		{B345EB89-E337-482E-8792-BC372C3A8D36}.Release|Any CPU.ActiveCfg = Release|Any CPU
		{B345EB89-E337-482E-8792-BC372C3A8D36}.Release|Any CPU.Build.0 = Release|Any CPU
	EndGlobalSection
	GlobalSection(SolutionProperties) = preSolution
		HideSolutionNode = FALSE
	EndGlobalSection
	GlobalSection(NestedProjects) = preSolution
		{B345EB89-E337-482E-8792-BC372C3A8D36} = {E95747C7-6EEC-4618-82E4-A4E641687E73}
	EndGlobalSection
EndGlobal
